
Microsoft Visual Studio Solution File, Format Version 12.00
# Visual Studio Version 17
VisualStudioVersion = 17.10.35122.118
MinimumVisualStudioVersion = 10.0.40219.1
Project("{FAE04EC0-301F-11D3-BF4B-00C04F79EFBC}") = "Bai1", "Bai1\Bai1.csproj", "{AA3B570A-B1BB-46B1-A4DE-EFF5BBA5D2F7}"
EndProject
Global
	GlobalSection(SolutionConfigurationPlatforms) = preSolution
		Debug|Any CPU = Debug|Any CPU
		Release|Any CPU = Release|Any CPU
	EndGlobalSection
	GlobalSection(ProjectConfigurationPlatforms) = postSolution
		{AA3B570A-B1BB-46B1-A4DE-EFF5BBA5D2F7}.Debug|Any CPU.ActiveCfg = Debug|Any CPU
		{AA3B570A-B1BB-46B1-A4DE-EFF5BBA5D2F7}.Debug|Any CPU.Build.0 = Debug|Any CPU
		{AA3B570A-B1BB-46B1-A4DE-EFF5BBA5D2F7}.Release|Any CPU.ActiveCfg = Release|Any CPU
		{AA3B570A-B1BB-46B1-A4DE-EFF5BBA5D2F7}.Release|Any CPU.Build.0 = Release|Any CPU
	EndGlobalSection
	GlobalSection(SolutionProperties) = preSolution
		HideSolutionNode = FALSE
	EndGlobalSection
	GlobalSection(ExtensibilityGlobals) = postSolution
		SolutionGuid = {34F837BD-D9DA-4B83-BCC9-D2BD986C2479}
	EndGlobalSection
EndGlobal
