
Microsoft Visual Studio Solution File, Format Version 12.00
# Visual Studio Version 17
VisualStudioVersion = 17.12.35506.116 d17.12
MinimumVisualStudioVersion = 10.0.40219.1
Project("{FAE04EC0-301F-11D3-BF4B-00C04F79EFBC}") = "Test", "Test\Test.csproj", "{FA502761-A591-410B-A0BF-4BE5C3473CAA}"
EndProject
Global
	GlobalSection(SolutionConfigurationPlatforms) = preSolution
		Debug|Any CPU = Debug|Any CPU
		Release|Any CPU = Release|Any CPU
	EndGlobalSection
	GlobalSection(ProjectConfigurationPlatforms) = postSolution
		{FA502761-A591-410B-A0BF-4BE5C3473CAA}.Debug|Any CPU.ActiveCfg = Debug|Any CPU
		{FA502761-A591-410B-A0BF-4BE5C3473CAA}.Debug|Any CPU.Build.0 = Debug|Any CPU
		{FA502761-A591-410B-A0BF-4BE5C3473CAA}.Release|Any CPU.ActiveCfg = Release|Any CPU
		{FA502761-A591-410B-A0BF-4BE5C3473CAA}.Release|Any CPU.Build.0 = Release|Any CPU
	EndGlobalSection
	GlobalSection(SolutionProperties) = preSolution
		HideSolutionNode = FALSE
	EndGlobalSection
EndGlobal
