
Microsoft Visual Studio Solution File, Format Version 12.00
# Visual Studio Version 17
VisualStudioVersion = 17.10.35122.118
MinimumVisualStudioVersion = 10.0.40219.1
Project("{FAE04EC0-301F-11D3-BF4B-00C04F79EFBC}") = "BaiKiemTra_25_10", "BaiKiemTra_25_10\BaiKiemTra_25_10.csproj", "{F77C7BFD-822E-4F83-B0A9-7C4675D9A680}"
EndProject
Global
	GlobalSection(SolutionConfigurationPlatforms) = preSolution
		Debug|Any CPU = Debug|Any CPU
		Release|Any CPU = Release|Any CPU
	EndGlobalSection
	GlobalSection(ProjectConfigurationPlatforms) = postSolution
		{F77C7BFD-822E-4F83-B0A9-7C4675D9A680}.Debug|Any CPU.ActiveCfg = Debug|Any CPU
		{F77C7BFD-822E-4F83-B0A9-7C4675D9A680}.Debug|Any CPU.Build.0 = Debug|Any CPU
		{F77C7BFD-822E-4F83-B0A9-7C4675D9A680}.Release|Any CPU.ActiveCfg = Release|Any CPU
		{F77C7BFD-822E-4F83-B0A9-7C4675D9A680}.Release|Any CPU.Build.0 = Release|Any CPU
	EndGlobalSection
	GlobalSection(SolutionProperties) = preSolution
		HideSolutionNode = FALSE
	EndGlobalSection
	GlobalSection(ExtensibilityGlobals) = postSolution
		SolutionGuid = {8438FB36-71D4-45F3-B9C1-BD76896352F0}
	EndGlobalSection
EndGlobal
