
Microsoft Visual Studio Solution File, Format Version 12.00
# Visual Studio Version 17
VisualStudioVersion = 17.10.35122.118
MinimumVisualStudioVersion = 10.0.40219.1
Project("{FAE04EC0-301F-11D3-BF4B-00C04F79EFBC}") = "ndir", "ndir\ndir.csproj", "{86DDE229-82FD-4831-A6C3-D4AE14A949EB}"
EndProject
Project("{FAE04EC0-301F-11D3-BF4B-00C04F79EFBC}") = "ncopy", "ncopy\ncopy.csproj", "{67516BF5-9092-4066-99B4-40597C582E5D}"
EndProject
Global
	GlobalSection(SolutionConfigurationPlatforms) = preSolution
		Debug|Any CPU = Debug|Any CPU
		Release|Any CPU = Release|Any CPU
	EndGlobalSection
	GlobalSection(ProjectConfigurationPlatforms) = postSolution
		{86DDE229-82FD-4831-A6C3-D4AE14A949EB}.Debug|Any CPU.ActiveCfg = Debug|Any CPU
		{86DDE229-82FD-4831-A6C3-D4AE14A949EB}.Debug|Any CPU.Build.0 = Debug|Any CPU
		{86DDE229-82FD-4831-A6C3-D4AE14A949EB}.Release|Any CPU.ActiveCfg = Release|Any CPU
		{86DDE229-82FD-4831-A6C3-D4AE14A949EB}.Release|Any CPU.Build.0 = Release|Any CPU
		{67516BF5-9092-4066-99B4-40597C582E5D}.Debug|Any CPU.ActiveCfg = Debug|Any CPU
		{67516BF5-9092-4066-99B4-40597C582E5D}.Debug|Any CPU.Build.0 = Debug|Any CPU
		{67516BF5-9092-4066-99B4-40597C582E5D}.Release|Any CPU.ActiveCfg = Release|Any CPU
		{67516BF5-9092-4066-99B4-40597C582E5D}.Release|Any CPU.Build.0 = Release|Any CPU
	EndGlobalSection
	GlobalSection(SolutionProperties) = preSolution
		HideSolutionNode = FALSE
	EndGlobalSection
	GlobalSection(ExtensibilityGlobals) = postSolution
		SolutionGuid = {86B794F8-7A80-437F-97BE-CF9472909C8A}
	EndGlobalSection
EndGlobal
