
Microsoft Visual Studio Solution File, Format Version 12.00
# Visual Studio Version 17
VisualStudioVersion = 17.11.35303.130
MinimumVisualStudioVersion = 10.0.40219.1
Project("{FAE04EC0-301F-11D3-BF4B-00C04F79EFBC}") = "BTVN_Bai1", "BTVN_Bai1\BTVN_Bai1.csproj", "{12AA407D-7D0B-4343-88F1-766844C6FBAD}"
EndProject
Global
	GlobalSection(SolutionConfigurationPlatforms) = preSolution
		Debug|Any CPU = Debug|Any CPU
		Release|Any CPU = Release|Any CPU
	EndGlobalSection
	GlobalSection(ProjectConfigurationPlatforms) = postSolution
		{12AA407D-7D0B-4343-88F1-766844C6FBAD}.Debug|Any CPU.ActiveCfg = Debug|Any CPU
		{12AA407D-7D0B-4343-88F1-766844C6FBAD}.Debug|Any CPU.Build.0 = Debug|Any CPU
		{12AA407D-7D0B-4343-88F1-766844C6FBAD}.Release|Any CPU.ActiveCfg = Release|Any CPU
		{12AA407D-7D0B-4343-88F1-766844C6FBAD}.Release|Any CPU.Build.0 = Release|Any CPU
	EndGlobalSection
	GlobalSection(SolutionProperties) = preSolution
		HideSolutionNode = FALSE
	EndGlobalSection
	GlobalSection(ExtensibilityGlobals) = postSolution
		SolutionGuid = {A2E328C0-7375-4EB5-92F4-717EE2B4F51A}
	EndGlobalSection
EndGlobal
