
Microsoft Visual Studio Solution File, Format Version 12.00
# Visual Studio Version 17
VisualStudioVersion = 17.10.35122.118
MinimumVisualStudioVersion = 10.0.40219.1
Project("{FAE04EC0-301F-11D3-BF4B-00C04F79EFBC}") = "lab9", "lab9\lab9.csproj", "{00C1D725-56E3-4178-B582-0543EA206DA6}"
EndProject
Global
	GlobalSection(SolutionConfigurationPlatforms) = preSolution
		Debug|Any CPU = Debug|Any CPU
		Release|Any CPU = Release|Any CPU
	EndGlobalSection
	GlobalSection(ProjectConfigurationPlatforms) = postSolution
		{00C1D725-56E3-4178-B582-0543EA206DA6}.Debug|Any CPU.ActiveCfg = Debug|Any CPU
		{00C1D725-56E3-4178-B582-0543EA206DA6}.Debug|Any CPU.Build.0 = Debug|Any CPU
		{00C1D725-56E3-4178-B582-0543EA206DA6}.Release|Any CPU.ActiveCfg = Release|Any CPU
		{00C1D725-56E3-4178-B582-0543EA206DA6}.Release|Any CPU.Build.0 = Release|Any CPU
	EndGlobalSection
	GlobalSection(SolutionProperties) = preSolution
		HideSolutionNode = FALSE
	EndGlobalSection
	GlobalSection(ExtensibilityGlobals) = postSolution
		SolutionGuid = {C5B1EDF2-FCEC-4459-BD63-70A2AFFD4094}
	EndGlobalSection
EndGlobal
