
Microsoft Visual Studio Solution File, Format Version 12.00
# Visual Studio Version 17
VisualStudioVersion = 17.10.35122.118
MinimumVisualStudioVersion = 10.0.40219.1
Project("{FAE04EC0-301F-11D3-BF4B-00C04F79EFBC}") = "ConsoleApp1", "ConsoleApp1\ConsoleApp1.csproj", "{BD4FE188-8A4A-40FE-9197-7723A1C68B64}"
EndProject
Global
	GlobalSection(SolutionConfigurationPlatforms) = preSolution
		Debug|Any CPU = Debug|Any CPU
		Release|Any CPU = Release|Any CPU
	EndGlobalSection
	GlobalSection(ProjectConfigurationPlatforms) = postSolution
		{BD4FE188-8A4A-40FE-9197-7723A1C68B64}.Debug|Any CPU.ActiveCfg = Debug|Any CPU
		{BD4FE188-8A4A-40FE-9197-7723A1C68B64}.Debug|Any CPU.Build.0 = Debug|Any CPU
		{BD4FE188-8A4A-40FE-9197-7723A1C68B64}.Release|Any CPU.ActiveCfg = Release|Any CPU
		{BD4FE188-8A4A-40FE-9197-7723A1C68B64}.Release|Any CPU.Build.0 = Release|Any CPU
	EndGlobalSection
	GlobalSection(SolutionProperties) = preSolution
		HideSolutionNode = FALSE
	EndGlobalSection
	GlobalSection(ExtensibilityGlobals) = postSolution
		SolutionGuid = {1FBAADD1-2C5F-4362-A41D-6AE3DF83F1CA}
	EndGlobalSection
EndGlobal
