
Microsoft Visual Studio Solution File, Format Version 12.00
# Visual Studio Version 17
VisualStudioVersion = 17.10.35122.118
MinimumVisualStudioVersion = 10.0.40219.1
Project("{FAE04EC0-301F-11D3-BF4B-00C04F79EFBC}") = "singleton", "singleton\singleton.csproj", "{6368DF60-D3DA-4C12-AB13-8DCB1B98E91E}"
EndProject
Project("{FAE04EC0-301F-11D3-BF4B-00C04F79EFBC}") = "singleton1", "singleton1\singleton1.csproj", "{5529F3FD-A380-4B79-AB16-2FB95BE5826E}"
EndProject
Project("{FAE04EC0-301F-11D3-BF4B-00C04F79EFBC}") = "Interface11", "Interface11\Interface11.csproj", "{5E104AE5-16AB-4448-B0FC-7D60F6DA60E8}"
EndProject
Global
	GlobalSection(SolutionConfigurationPlatforms) = preSolution
		Debug|Any CPU = Debug|Any CPU
		Release|Any CPU = Release|Any CPU
	EndGlobalSection
	GlobalSection(ProjectConfigurationPlatforms) = postSolution
		{6368DF60-D3DA-4C12-AB13-8DCB1B98E91E}.Debug|Any CPU.ActiveCfg = Debug|Any CPU
		{6368DF60-D3DA-4C12-AB13-8DCB1B98E91E}.Debug|Any CPU.Build.0 = Debug|Any CPU
		{6368DF60-D3DA-4C12-AB13-8DCB1B98E91E}.Release|Any CPU.ActiveCfg = Release|Any CPU
		{6368DF60-D3DA-4C12-AB13-8DCB1B98E91E}.Release|Any CPU.Build.0 = Release|Any CPU
		{5529F3FD-A380-4B79-AB16-2FB95BE5826E}.Debug|Any CPU.ActiveCfg = Debug|Any CPU
		{5529F3FD-A380-4B79-AB16-2FB95BE5826E}.Debug|Any CPU.Build.0 = Debug|Any CPU
		{5529F3FD-A380-4B79-AB16-2FB95BE5826E}.Release|Any CPU.ActiveCfg = Release|Any CPU
		{5529F3FD-A380-4B79-AB16-2FB95BE5826E}.Release|Any CPU.Build.0 = Release|Any CPU
		{5E104AE5-16AB-4448-B0FC-7D60F6DA60E8}.Debug|Any CPU.ActiveCfg = Debug|Any CPU
		{5E104AE5-16AB-4448-B0FC-7D60F6DA60E8}.Debug|Any CPU.Build.0 = Debug|Any CPU
		{5E104AE5-16AB-4448-B0FC-7D60F6DA60E8}.Release|Any CPU.ActiveCfg = Release|Any CPU
		{5E104AE5-16AB-4448-B0FC-7D60F6DA60E8}.Release|Any CPU.Build.0 = Release|Any CPU
	EndGlobalSection
	GlobalSection(SolutionProperties) = preSolution
		HideSolutionNode = FALSE
	EndGlobalSection
	GlobalSection(ExtensibilityGlobals) = postSolution
		SolutionGuid = {9BE5DABC-B773-4B0D-90AA-81839896007E}
	EndGlobalSection
EndGlobal
